{
  "requires": true,
  "lockfileVersion": 1,
  "dependencies": {
    "react-bootstrap-easy-dialog": {
      "version": "0.3.3",
      "resolved": "https://registry.npmjs.org/react-bootstrap-easy-dialog/-/react-bootstrap-easy-dialog-0.3.3.tgz",
      "integrity": "sha512-3CtBEDvmi+z+ot0+z4dUW08Y8/CdNnraH1lBx334xxe/DXdA9WbKkIer9nstd9F4txPC6j+D6UME+E0qo3p1OA=="
    }
  }
}
